{
  "nodes": {
    "flake-compat": {
      "flake": false,
      "locked": {
        "lastModified": 1650374568,
        "narHash": "sha256-Z+s0J8/r907g149rllvwhb4pKi8Wam5ij0st8PwAh+E=",
        "owner": "edolstra",
        "repo": "flake-compat",
        "rev": "b4a34015c698c7793d592d66adbab377907a2be8",
        "type": "github"
      },
      "original": {
        "owner": "edolstra",
        "repo": "flake-compat",
        "type": "github"
      }
    },
    "harbor": {
      "flake": false,
      "locked": {
        "lastModified": 1647956687,
        "narHash": "sha256-xT1IdbzJSRHZY1JVGatvhf71Mk6iGzAljoKNdU0I+9s=",
        "owner": "matsuyoshi30",
        "repo": "harbor",
        "rev": "591a7afa86697e4b1f72afe5b1303a01a7697430",
        "type": "github"
      },
      "original": {
        "owner": "matsuyoshi30",
        "repo": "harbor",
        "type": "github"
      }
    },
    "nixpkgs": {
      "locked": {
        "lastModified": 1650831523,
        "narHash": "sha256-6pDZ08SAXsUx5rOP391x+TG39ENP/XA8VMa1tQvgEjc=",
        "owner": "nixos",
        "repo": "nixpkgs",
        "rev": "87d34a6b8982e901b8e50096b8e79ebc0e66cda0",
        "type": "github"
      },
      "original": {
        "owner": "nixos",
        "ref": "nixos-unstable",
        "repo": "nixpkgs",
        "type": "github"
      }
    },
    "root": {
      "inputs": {
        "flake-compat": "flake-compat",
        "harbor": "harbor",
        "nixpkgs": "nixpkgs"
      }
    }
  },
  "root": "root",
  "version": 7
}
